Microsoft Visual Studio Solution File, Format Version 12.00
# Visual Studio Version 17
VisualStudioVersion = 17.5.2.0
MinimumVisualStudioVersion = 10.0.40219.1
Project("{FAE04EC0-301F-11D3-BF4B-00C04F79EFBC}") = "BlogSystemApp", "BlogSystemApp.csproj", "{08BE8049-3A82-C3D0-3426-642006965E36}"
EndProject
Global
	GlobalSection(SolutionConfigurationPlatforms) = preSolution
		Debug|Any CPU = Debug|Any CPU
		Release|Any CPU = Release|Any CPU
	EndGlobalSection
	GlobalSection(ProjectConfigurationPlatforms) = postSolution
		{08BE8049-3A82-C3D0-3426-642006965E36}.Debug|Any CPU.ActiveCfg = Debug|Any CPU
		{08BE8049-3A82-C3D0-3426-642006965E36}.Debug|Any CPU.Build.0 = Debug|Any CPU
		{08BE8049-3A82-C3D0-3426-642006965E36}.Release|Any CPU.ActiveCfg = Release|Any CPU
		{08BE8049-3A82-C3D0-3426-642006965E36}.Release|Any CPU.Build.0 = Release|Any CPU
	EndGlobalSection
	GlobalSection(SolutionProperties) = preSolution
		HideSolutionNode = FALSE
	EndGlobalSection
	GlobalSection(ExtensibilityGlobals) = postSolution
		SolutionGuid = {4F69D83F-08F0-43EB-8DC6-F5D7B2A6B090}
	EndGlobalSection
EndGlobal
